
Microsoft Visual Studio Solution File, Format Version 12.00
# Visual Studio 15
VisualStudioVersion = 15.0.27130.2024
MinimumVisualStudioVersion = 10.0.40219.1
Project("{FAE04EC0-301F-11D3-BF4B-00C04F79EFBC}") = "EnglishWordsPrintUtility", "EnglishWordsPrintUtility.csproj", "{C83D10F9-AE1F-455F-92EB-C81F75C724EF}"
EndProject
Global
	GlobalSection(SolutionConfigurationPlatforms) = preSolution
		Debug|Any CPU = Debug|Any CPU
		Release|Any CPU = Release|Any CPU
	EndGlobalSection
	GlobalSection(ProjectConfigurationPlatforms) = postSolution
		{C83D10F9-AE1F-455F-92EB-C81F75C724EF}.Debug|Any CPU.ActiveCfg = Debug|Any CPU
		{C83D10F9-AE1F-455F-92EB-C81F75C724EF}.Debug|Any CPU.Build.0 = Debug|Any CPU
		{C83D10F9-AE1F-455F-92EB-C81F75C724EF}.Release|Any CPU.ActiveCfg = Release|Any CPU
		{C83D10F9-AE1F-455F-92EB-C81F75C724EF}.Release|Any CPU.Build.0 = Release|Any CPU
	EndGlobalSection
	GlobalSection(SolutionProperties) = preSolution
		HideSolutionNode = FALSE
	EndGlobalSection
	GlobalSection(ExtensibilityGlobals) = postSolution
		SolutionGuid = {5EA4E41B-677A-4602-98E7-E7A71B407FCE}
	EndGlobalSection
EndGlobal
